// !$*UTF8*$!
{
	archiveVersion = 1;
	classes = {
	};
	objectVersion = 56;
	objects = {

/* Begin PBXBuildFile section */
		1F74987C29F85EAF00246EA8 /* Model.xcdatamodeld in Sources */ = {isa = PBXBuildFile; fileRef = 1F74987A29F85EAF00246EA8 /* Model.xcdatamodeld */; };
		1F74987E29F85EFE00246EA8 /* UIColorMarshalling.swift in Sources */ = {isa = PBXBuildFile; fileRef = 1F74987D29F85EFE00246EA8 /* UIColorMarshalling.swift */; };
		1F74988429F85FB400246EA8 /* TrackerStore.swift in Sources */ = {isa = PBXBuildFile; fileRef = 1F74988329F85FB400246EA8 /* TrackerStore.swift */; };
		1F74988629F85FC300246EA8 /* TrackerCategoryStore.swift in Sources */ = {isa = PBXBuildFile; fileRef = 1F74988529F85FC300246EA8 /* TrackerCategoryStore.swift */; };
		1F74988829F85FD000246EA8 /* TrackerRecordStore.swift in Sources */ = {isa = PBXBuildFile; fileRef = 1F74988729F85FD000246EA8 /* TrackerRecordStore.swift */; };
		1F74988A29F8667000246EA8 /* SelectionCellProtocol.swift in Sources */ = {isa = PBXBuildFile; fileRef = 1F74988929F8667000246EA8 /* SelectionCellProtocol.swift */; };
		1F7498F12A0B7B1500246EA8 /* OnboardingViewController.swift in Sources */ = {isa = PBXBuildFile; fileRef = 1F7498F02A0B7B1500246EA8 /* OnboardingViewController.swift */; };
		1F7498F32A0B7BE600246EA8 /* OnboardingPageViewController.swift in Sources */ = {isa = PBXBuildFile; fileRef = 1F7498F22A0B7BE600246EA8 /* OnboardingPageViewController.swift */; };
		1F7498F52A0B856B00246EA8 /* UIViewController + ext.swift in Sources */ = {isa = PBXBuildFile; fileRef = 1F7498F42A0B856B00246EA8 /* UIViewController + ext.swift */; };
		1F7498F82A0B862D00246EA8 /* CategoriesViewController.swift in Sources */ = {isa = PBXBuildFile; fileRef = 1F7498F72A0B862D00246EA8 /* CategoriesViewController.swift */; };
		1F7498FA2A0B864000246EA8 /* CategoriesViewModel.swift in Sources */ = {isa = PBXBuildFile; fileRef = 1F7498F92A0B864000246EA8 /* CategoriesViewModel.swift */; };
		1F7498FC2A0B864B00246EA8 /* CategoriesCell.swift in Sources */ = {isa = PBXBuildFile; fileRef = 1F7498FB2A0B864B00246EA8 /* CategoriesCell.swift */; };
		1F7498FE2A0B865800246EA8 /* CategoriesFormViewController.swift in Sources */ = {isa = PBXBuildFile; fileRef = 1F7498FD2A0B865800246EA8 /* CategoriesFormViewController.swift */; };
		1F7499002A0B880400246EA8 /* NotFoundStack.swift in Sources */ = {isa = PBXBuildFile; fileRef = 1F7498FF2A0B880400246EA8 /* NotFoundStack.swift */; };
		1F7499032A0B885700246EA8 /* RootViewController.swift in Sources */ = {isa = PBXBuildFile; fileRef = 1F7499022A0B885700246EA8 /* RootViewController.swift */; };
		1F7499052A0B888C00246EA8 /* UserDefaultsBacked.swift in Sources */ = {isa = PBXBuildFile; fileRef = 1F7499042A0B888C00246EA8 /* UserDefaultsBacked.swift */; };
		1F80BD4029EA98D300739E6B /* TabBarController.swift in Sources */ = {isa = PBXBuildFile; fileRef = 1F80BD3F29EA98D300739E6B /* TabBarController.swift */; };
		1F80BD4829EA99B900739E6B /* StatisticViewController.swift in Sources */ = {isa = PBXBuildFile; fileRef = 1F80BD4729EA99B900739E6B /* StatisticViewController.swift */; };
		1F80BD4C29EA9A8600739E6B /* Resources.swift in Sources */ = {isa = PBXBuildFile; fileRef = 1F80BD4B29EA9A8600739E6B /* Resources.swift */; };
		1F80BD4E29EA9AB000739E6B /* UIColor+ext.swift in Sources */ = {isa = PBXBuildFile; fileRef = 1F80BD4D29EA9AB000739E6B /* UIColor+ext.swift */; };
		1F80BD5029EA9B1000739E6B /* Date+ext.swift in Sources */ = {isa = PBXBuildFile; fileRef = 1F80BD4F29EA9B1000739E6B /* Date+ext.swift */; };
		1F80BD5229EA9B2000739E6B /* Int+ext.swift in Sources */ = {isa = PBXBuildFile; fileRef = 1F80BD5129EA9B2000739E6B /* Int+ext.swift */; };
		1F80BD5429EA9B3200739E6B /* UICollectionView+ext.swift in Sources */ = {isa = PBXBuildFile; fileRef = 1F80BD5329EA9B3200739E6B /* UICollectionView+ext.swift */; };
		1F80BD5629EACECE00739E6B /* TrackerCell.swift in Sources */ = {isa = PBXBuildFile; fileRef = 1F80BD5529EACECE00739E6B /* TrackerCell.swift */; };
		1F80BD5829EACF3600739E6B /* TrackerCategoryLabel.swift in Sources */ = {isa = PBXBuildFile; fileRef = 1F80BD5729EACF3600739E6B /* TrackerCategoryLabel.swift */; };
		1F80BD5B29EAD49100739E6B /* Tracker.swift in Sources */ = {isa = PBXBuildFile; fileRef = 1F80BD5A29EAD49100739E6B /* Tracker.swift */; };
		1F80BD5E29EAD58700739E6B /* AddTrackerViewController.swift in Sources */ = {isa = PBXBuildFile; fileRef = 1F80BD5D29EAD58700739E6B /* AddTrackerViewController.swift */; };
		1F80BD6129EAD5BF00739E6B /* Button.swift in Sources */ = {isa = PBXBuildFile; fileRef = 1F80BD6029EAD5BF00739E6B /* Button.swift */; };
		1F80BD6329EAD5D200739E6B /* TextField.swift in Sources */ = {isa = PBXBuildFile; fileRef = 1F80BD6229EAD5D200739E6B /* TextField.swift */; };
		1F80BD6529EAD5E700739E6B /* ListItem.swift in Sources */ = {isa = PBXBuildFile; fileRef = 1F80BD6429EAD5E700739E6B /* ListItem.swift */; };
		1F80BD6729EAD6BD00739E6B /* TrackerCategory.swift in Sources */ = {isa = PBXBuildFile; fileRef = 1F80BD6629EAD6BD00739E6B /* TrackerCategory.swift */; };
		1F80BD6929EAD6D000739E6B /* TrackerRecord.swift in Sources */ = {isa = PBXBuildFile; fileRef = 1F80BD6829EAD6D000739E6B /* TrackerRecord.swift */; };
		1F80BD6C29EAD77200739E6B /* TrackerFormViewController.swift in Sources */ = {isa = PBXBuildFile; fileRef = 1F80BD6B29EAD77200739E6B /* TrackerFormViewController.swift */; };
		1F80BD6E29EAD78800739E6B /* EmojiCell.swift in Sources */ = {isa = PBXBuildFile; fileRef = 1F80BD6D29EAD78800739E6B /* EmojiCell.swift */; };
		1F80BD7029EAD79D00739E6B /* ColorCell.swift in Sources */ = {isa = PBXBuildFile; fileRef = 1F80BD6F29EAD79D00739E6B /* ColorCell.swift */; };
		1F80BD7229EAD7AE00739E6B /* SelectionTitle.swift in Sources */ = {isa = PBXBuildFile; fileRef = 1F80BD7129EAD7AE00739E6B /* SelectionTitle.swift */; };
		1F80BD7429EAD7C100739E6B /* ListCell.swift in Sources */ = {isa = PBXBuildFile; fileRef = 1F80BD7329EAD7C100739E6B /* ListCell.swift */; };
		1F80BD7629EAD81000739E6B /* Constants.swift in Sources */ = {isa = PBXBuildFile; fileRef = 1F80BD7529EAD81000739E6B /* Constants.swift */; };
		1F80BD7929EAD88E00739E6B /* ScheduleViewController.swift in Sources */ = {isa = PBXBuildFile; fileRef = 1F80BD7829EAD88E00739E6B /* ScheduleViewController.swift */; };
		1F80BD7B29EAD8A300739E6B /* WeekdayCell.swift in Sources */ = {isa = PBXBuildFile; fileRef = 1F80BD7A29EAD8A300739E6B /* WeekdayCell.swift */; };
		1F80BD7D29EADF4400739E6B /* StatisticCell.swift in Sources */ = {isa = PBXBuildFile; fileRef = 1F80BD7C29EADF4400739E6B /* StatisticCell.swift */; };
		1FA61FAC29CEC8A60057DD73 /* AppDelegate.swift in Sources */ = {isa = PBXBuildFile; fileRef = 1FA61FAB29CEC8A60057DD73 /* AppDelegate.swift */; };
		1FA61FAE29CEC8A60057DD73 /* SceneDelegate.swift in Sources */ = {isa = PBXBuildFile; fileRef = 1FA61FAD29CEC8A60057DD73 /* SceneDelegate.swift */; };
		1FA61FB029CEC8A60057DD73 /* TrackerViewController.swift in Sources */ = {isa = PBXBuildFile; fileRef = 1FA61FAF29CEC8A60057DD73 /* TrackerViewController.swift */; };
		1FA61FB529CEC8A70057DD73 /* Assets.xcassets in Resources */ = {isa = PBXBuildFile; fileRef = 1FA61FB429CEC8A70057DD73 /* Assets.xcassets */; };
		1FA61FB829CEC8A70057DD73 /* LaunchScreen.storyboard in Resources */ = {isa = PBXBuildFile; fileRef = 1FA61FB629CEC8A70057DD73 /* LaunchScreen.storyboard */; };
/* End PBXBuildFile section */

/* Begin PBXFileReference section */
		1F74987B29F85EAF00246EA8 /* Model.xcdatamodel */ = {isa = PBXFileReference; lastKnownFileType = wrapper.xcdatamodel; path = Model.xcdatamodel; sourceTree = "<group>"; };
		1F74987D29F85EFE00246EA8 /* UIColorMarshalling.swift */ = {isa = PBXFileReference; lastKnownFileType = sourcecode.swift; path = UIColorMarshalling.swift; sourceTree = "<group>"; };
		1F74988329F85FB400246EA8 /* TrackerStore.swift */ = {isa = PBXFileReference; lastKnownFileType = sourcecode.swift; path = TrackerStore.swift; sourceTree = "<group>"; };
		1F74988529F85FC300246EA8 /* TrackerCategoryStore.swift */ = {isa = PBXFileReference; lastKnownFileType = sourcecode.swift; path = TrackerCategoryStore.swift; sourceTree = "<group>"; };
		1F74988729F85FD000246EA8 /* TrackerRecordStore.swift */ = {isa = PBXFileReference; lastKnownFileType = sourcecode.swift; path = TrackerRecordStore.swift; sourceTree = "<group>"; };
		1F74988929F8667000246EA8 /* SelectionCellProtocol.swift */ = {isa = PBXFileReference; lastKnownFileType = sourcecode.swift; path = SelectionCellProtocol.swift; sourceTree = "<group>"; };
		1F7498F02A0B7B1500246EA8 /* OnboardingViewController.swift */ = {isa = PBXFileReference; lastKnownFileType = sourcecode.swift; path = OnboardingViewController.swift; sourceTree = "<group>"; };
		1F7498F22A0B7BE600246EA8 /* OnboardingPageViewController.swift */ = {isa = PBXFileReference; lastKnownFileType = sourcecode.swift; path = OnboardingPageViewController.swift; sourceTree = "<group>"; };
		1F7498F42A0B856B00246EA8 /* UIViewController + ext.swift */ = {isa = PBXFileReference; lastKnownFileType = sourcecode.swift; path = "UIViewController + ext.swift"; sourceTree = "<group>"; };
		1F7498F72A0B862D00246EA8 /* CategoriesViewController.swift */ = {isa = PBXFileReference; lastKnownFileType = sourcecode.swift; path = CategoriesViewController.swift; sourceTree = "<group>"; };
		1F7498F92A0B864000246EA8 /* CategoriesViewModel.swift */ = {isa = PBXFileReference; lastKnownFileType = sourcecode.swift; path = CategoriesViewModel.swift; sourceTree = "<group>"; };
		1F7498FB2A0B864B00246EA8 /* CategoriesCell.swift */ = {isa = PBXFileReference; lastKnownFileType = sourcecode.swift; path = CategoriesCell.swift; sourceTree = "<group>"; };
		1F7498FD2A0B865800246EA8 /* CategoriesFormViewController.swift */ = {isa = PBXFileReference; lastKnownFileType = sourcecode.swift; path = CategoriesFormViewController.swift; sourceTree = "<group>"; };
		1F7498FF2A0B880400246EA8 /* NotFoundStack.swift */ = {isa = PBXFileReference; lastKnownFileType = sourcecode.swift; path = NotFoundStack.swift; sourceTree = "<group>"; };
		1F7499022A0B885700246EA8 /* RootViewController.swift */ = {isa = PBXFileReference; lastKnownFileType = sourcecode.swift; path = RootViewController.swift; sourceTree = "<group>"; };
		1F7499042A0B888C00246EA8 /* UserDefaultsBacked.swift */ = {isa = PBXFileReference; lastKnownFileType = sourcecode.swift; path = UserDefaultsBacked.swift; sourceTree = "<group>"; };
		1F80BD3F29EA98D300739E6B /* TabBarController.swift */ = {isa = PBXFileReference; lastKnownFileType = sourcecode.swift; path = TabBarController.swift; sourceTree = "<group>"; };
		1F80BD4729EA99B900739E6B /* StatisticViewController.swift */ = {isa = PBXFileReference; lastKnownFileType = sourcecode.swift; path = StatisticViewController.swift; sourceTree = "<group>"; };
		1F80BD4B29EA9A8600739E6B /* Resources.swift */ = {isa = PBXFileReference; lastKnownFileType = sourcecode.swift; path = Resources.swift; sourceTree = "<group>"; };
		1F80BD4D29EA9AB000739E6B /* UIColor+ext.swift */ = {isa = PBXFileReference; lastKnownFileType = sourcecode.swift; path = "UIColor+ext.swift"; sourceTree = "<group>"; };
		1F80BD4F29EA9B1000739E6B /* Date+ext.swift */ = {isa = PBXFileReference; lastKnownFileType = sourcecode.swift; path = "Date+ext.swift"; sourceTree = "<group>"; };
		1F80BD5129EA9B2000739E6B /* Int+ext.swift */ = {isa = PBXFileReference; lastKnownFileType = sourcecode.swift; path = "Int+ext.swift"; sourceTree = "<group>"; };
		1F80BD5329EA9B3200739E6B /* UICollectionView+ext.swift */ = {isa = PBXFileReference; lastKnownFileType = sourcecode.swift; path = "UICollectionView+ext.swift"; sourceTree = "<group>"; };
		1F80BD5529EACECE00739E6B /* TrackerCell.swift */ = {isa = PBXFileReference; lastKnownFileType = sourcecode.swift; path = TrackerCell.swift; sourceTree = "<group>"; };
		1F80BD5729EACF3600739E6B /* TrackerCategoryLabel.swift */ = {isa = PBXFileReference; lastKnownFileType = sourcecode.swift; path = TrackerCategoryLabel.swift; sourceTree = "<group>"; };
		1F80BD5A29EAD49100739E6B /* Tracker.swift */ = {isa = PBXFileReference; lastKnownFileType = sourcecode.swift; path = Tracker.swift; sourceTree = "<group>"; };
		1F80BD5D29EAD58700739E6B /* AddTrackerViewController.swift */ = {isa = PBXFileReference; lastKnownFileType = sourcecode.swift; path = AddTrackerViewController.swift; sourceTree = "<group>"; };
		1F80BD6029EAD5BF00739E6B /* Button.swift */ = {isa = PBXFileReference; lastKnownFileType = sourcecode.swift; path = Button.swift; sourceTree = "<group>"; };
		1F80BD6229EAD5D200739E6B /* TextField.swift */ = {isa = PBXFileReference; lastKnownFileType = sourcecode.swift; path = TextField.swift; sourceTree = "<group>"; };
		1F80BD6429EAD5E700739E6B /* ListItem.swift */ = {isa = PBXFileReference; lastKnownFileType = sourcecode.swift; path = ListItem.swift; sourceTree = "<group>"; };
		1F80BD6629EAD6BD00739E6B /* TrackerCategory.swift */ = {isa = PBXFileReference; lastKnownFileType = sourcecode.swift; path = TrackerCategory.swift; sourceTree = "<group>"; };
		1F80BD6829EAD6D000739E6B /* TrackerRecord.swift */ = {isa = PBXFileReference; lastKnownFileType = sourcecode.swift; path = TrackerRecord.swift; sourceTree = "<group>"; };
		1F80BD6B29EAD77200739E6B /* TrackerFormViewController.swift */ = {isa = PBXFileReference; lastKnownFileType = sourcecode.swift; path = TrackerFormViewController.swift; sourceTree = "<group>"; };
		1F80BD6D29EAD78800739E6B /* EmojiCell.swift */ = {isa = PBXFileReference; lastKnownFileType = sourcecode.swift; path = EmojiCell.swift; sourceTree = "<group>"; };
		1F80BD6F29EAD79D00739E6B /* ColorCell.swift */ = {isa = PBXFileReference; lastKnownFileType = sourcecode.swift; path = ColorCell.swift; sourceTree = "<group>"; };
		1F80BD7129EAD7AE00739E6B /* SelectionTitle.swift */ = {isa = PBXFileReference; lastKnownFileType = sourcecode.swift; path = SelectionTitle.swift; sourceTree = "<group>"; };
		1F80BD7329EAD7C100739E6B /* ListCell.swift */ = {isa = PBXFileReference; lastKnownFileType = sourcecode.swift; path = ListCell.swift; sourceTree = "<group>"; };
		1F80BD7529EAD81000739E6B /* Constants.swift */ = {isa = PBXFileReference; lastKnownFileType = sourcecode.swift; path = Constants.swift; sourceTree = "<group>"; };
		1F80BD7829EAD88E00739E6B /* ScheduleViewController.swift */ = {isa = PBXFileReference; lastKnownFileType = sourcecode.swift; path = ScheduleViewController.swift; sourceTree = "<group>"; };
		1F80BD7A29EAD8A300739E6B /* WeekdayCell.swift */ = {isa = PBXFileReference; lastKnownFileType = sourcecode.swift; path = WeekdayCell.swift; sourceTree = "<group>"; };
		1F80BD7C29EADF4400739E6B /* StatisticCell.swift */ = {isa = PBXFileReference; lastKnownFileType = sourcecode.swift; path = StatisticCell.swift; sourceTree = "<group>"; };
		1FA61FA829CEC8A60057DD73 /* Tracker.app */ = {isa = PBXFileReference; explicitFileType = wrapper.application; includeInIndex = 0; path = Tracker.app; sourceTree = BUILT_PRODUCTS_DIR; };
		1FA61FAB29CEC8A60057DD73 /* AppDelegate.swift */ = {isa = PBXFileReference; lastKnownFileType = sourcecode.swift; path = AppDelegate.swift; sourceTree = "<group>"; };
		1FA61FAD29CEC8A60057DD73 /* SceneDelegate.swift */ = {isa = PBXFileReference; lastKnownFileType = sourcecode.swift; path = SceneDelegate.swift; sourceTree = "<group>"; };
		1FA61FAF29CEC8A60057DD73 /* TrackerViewController.swift */ = {isa = PBXFileReference; lastKnownFileType = sourcecode.swift; path = TrackerViewController.swift; sourceTree = "<group>"; };
		1FA61FB429CEC8A70057DD73 /* Assets.xcassets */ = {isa = PBXFileReference; lastKnownFileType = folder.assetcatalog; path = Assets.xcassets; sourceTree = "<group>"; };
		1FA61FB729CEC8A70057DD73 /* Base */ = {isa = PBXFileReference; lastKnownFileType = file.storyboard; name = Base; path = Base.lproj/LaunchScreen.storyboard; sourceTree = "<group>"; };
		1FA61FB929CEC8A70057DD73 /* Info.plist */ = {isa = PBXFileReference; lastKnownFileType = text.plist.xml; path = Info.plist; sourceTree = "<group>"; };
/* End PBXFileReference section */

/* Begin PBXFrameworksBuildPhase section */
		1FA61FA529CEC8A60057DD73 /* Frameworks */ = {
			isa = PBXFrameworksBuildPhase;
			buildActionMask = 2147483647;
			files = (
			);
			runOnlyForDeploymentPostprocessing = 0;
		};
/* End PBXFrameworksBuildPhase section */

/* Begin PBXGroup section */
		1F74988029F85F6A00246EA8 /* Domain */ = {
			isa = PBXGroup;
			children = (
				1F80BD5929EAD48400739E6B /* Models */,
				1F74988129F85F8000246EA8 /* Store */,
			);
			path = Domain;
			sourceTree = "<group>";
		};
		1F74988129F85F8000246EA8 /* Store */ = {
			isa = PBXGroup;
			children = (
				1F74988329F85FB400246EA8 /* TrackerStore.swift */,
				1F74988529F85FC300246EA8 /* TrackerCategoryStore.swift */,
				1F74988729F85FD000246EA8 /* TrackerRecordStore.swift */,
			);
			path = Store;
			sourceTree = "<group>";
		};
		1F7498EF2A0B7AF700246EA8 /* OnboardingScreens */ = {
			isa = PBXGroup;
			children = (
				1F7498F02A0B7B1500246EA8 /* OnboardingViewController.swift */,
				1F7498F22A0B7BE600246EA8 /* OnboardingPageViewController.swift */,
			);
			path = OnboardingScreens;
			sourceTree = "<group>";
		};
		1F7498F62A0B860C00246EA8 /* Categories */ = {
			isa = PBXGroup;
			children = (
				1F7498F72A0B862D00246EA8 /* CategoriesViewController.swift */,
				1F7498F92A0B864000246EA8 /* CategoriesViewModel.swift */,
				1F7498FB2A0B864B00246EA8 /* CategoriesCell.swift */,
				1F7498FD2A0B865800246EA8 /* CategoriesFormViewController.swift */,
			);
			path = Categories;
			sourceTree = "<group>";
		};
		1F7499012A0B884800246EA8 /* Root */ = {
			isa = PBXGroup;
			children = (
				1F7499022A0B885700246EA8 /* RootViewController.swift */,
			);
			path = Root;
			sourceTree = "<group>";
		};
		1F80BD2B29DD6FEB00739E6B /* UITrackerGroup */ = {
			isa = PBXGroup;
			children = (
				1F7499012A0B884800246EA8 /* Root */,
				1F7498F62A0B860C00246EA8 /* Categories */,
				1F7498EF2A0B7AF700246EA8 /* OnboardingScreens */,
				1F80BD5F29EAD5B300739E6B /* Components */,
				1F80BD7729EAD85700739E6B /* Schedule */,
				1F80BD6A29EAD75D00739E6B /* TrackerForm */,
				1F80BD5C29EAD56E00739E6B /* AddTrackerViewController */,
				1F80BD4629EA999400739E6B /* Statistic */,
				1F80BD4329EA995100739E6B /* Tracker */,
				1F80BD3E29EA98BA00739E6B /* TabBarController */,
			);
			path = UITrackerGroup;
			sourceTree = "<group>";
		};
		1F80BD3E29EA98BA00739E6B /* TabBarController */ = {
			isa = PBXGroup;
			children = (
				1F80BD3F29EA98D300739E6B /* TabBarController.swift */,
			);
			path = TabBarController;
			sourceTree = "<group>";
		};
		1F80BD4329EA995100739E6B /* Tracker */ = {
			isa = PBXGroup;
			children = (
				1FA61FAF29CEC8A60057DD73 /* TrackerViewController.swift */,
				1F80BD5529EACECE00739E6B /* TrackerCell.swift */,
				1F80BD5729EACF3600739E6B /* TrackerCategoryLabel.swift */,
			);
			path = Tracker;
			sourceTree = "<group>";
		};
		1F80BD4629EA999400739E6B /* Statistic */ = {
			isa = PBXGroup;
			children = (
				1F80BD4729EA99B900739E6B /* StatisticViewController.swift */,
				1F80BD7C29EADF4400739E6B /* StatisticCell.swift */,
			);
			path = Statistic;
			sourceTree = "<group>";
		};
		1F80BD4929EA9A6A00739E6B /* Helpers */ = {
			isa = PBXGroup;
			children = (
				1F80BD4A29EA9A7600739E6B /* Extensions */,
				1F80BD4B29EA9A8600739E6B /* Resources.swift */,
				1F7499042A0B888C00246EA8 /* UserDefaultsBacked.swift */,
			);
			path = Helpers;
			sourceTree = "<group>";
		};
		1F80BD4A29EA9A7600739E6B /* Extensions */ = {
			isa = PBXGroup;
			children = (
				1F80BD4F29EA9B1000739E6B /* Date+ext.swift */,
				1F80BD5129EA9B2000739E6B /* Int+ext.swift */,
				1F80BD4D29EA9AB000739E6B /* UIColor+ext.swift */,
				1F80BD5329EA9B3200739E6B /* UICollectionView+ext.swift */,
				1F74987D29F85EFE00246EA8 /* UIColorMarshalling.swift */,
				1F7498F42A0B856B00246EA8 /* UIViewController + ext.swift */,
			);
			path = Extensions;
			sourceTree = "<group>";
		};
		1F80BD5929EAD48400739E6B /* Models */ = {
			isa = PBXGroup;
			children = (
				1F80BD5A29EAD49100739E6B /* Tracker.swift */,
				1F80BD6629EAD6BD00739E6B /* TrackerCategory.swift */,
				1F80BD6829EAD6D000739E6B /* TrackerRecord.swift */,
				1F74987A29F85EAF00246EA8 /* Model.xcdatamodeld */,
			);
			path = Models;
			sourceTree = "<group>";
		};
		1F80BD5C29EAD56E00739E6B /* AddTrackerViewController */ = {
			isa = PBXGroup;
			children = (
				1F80BD5D29EAD58700739E6B /* AddTrackerViewController.swift */,
			);
			path = AddTrackerViewController;
			sourceTree = "<group>";
		};
		1F80BD5F29EAD5B300739E6B /* Components */ = {
			isa = PBXGroup;
			children = (
				1F80BD6029EAD5BF00739E6B /* Button.swift */,
				1F80BD6229EAD5D200739E6B /* TextField.swift */,
				1F80BD6429EAD5E700739E6B /* ListItem.swift */,
				1F7498FF2A0B880400246EA8 /* NotFoundStack.swift */,
			);
			path = Components;
			sourceTree = "<group>";
		};
		1F80BD6A29EAD75D00739E6B /* TrackerForm */ = {
			isa = PBXGroup;
			children = (
				1F80BD6B29EAD77200739E6B /* TrackerFormViewController.swift */,
				1F80BD6D29EAD78800739E6B /* EmojiCell.swift */,
				1F80BD6F29EAD79D00739E6B /* ColorCell.swift */,
				1F80BD7129EAD7AE00739E6B /* SelectionTitle.swift */,
				1F80BD7329EAD7C100739E6B /* ListCell.swift */,
				1F74988929F8667000246EA8 /* SelectionCellProtocol.swift */,
			);
			path = TrackerForm;
			sourceTree = "<group>";
		};
		1F80BD7729EAD85700739E6B /* Schedule */ = {
			isa = PBXGroup;
			children = (
				1F80BD7829EAD88E00739E6B /* ScheduleViewController.swift */,
				1F80BD7A29EAD8A300739E6B /* WeekdayCell.swift */,
			);
			path = Schedule;
			sourceTree = "<group>";
		};
		1FA61F9F29CEC8A60057DD73 = {
			isa = PBXGroup;
			children = (
				1FA61FAA29CEC8A60057DD73 /* Tracker */,
				1FA61FA929CEC8A60057DD73 /* Products */,
			);
			sourceTree = "<group>";
		};
		1FA61FA929CEC8A60057DD73 /* Products */ = {
			isa = PBXGroup;
			children = (
				1FA61FA829CEC8A60057DD73 /* Tracker.app */,
			);
			name = Products;
			sourceTree = "<group>";
		};
		1FA61FAA29CEC8A60057DD73 /* Tracker */ = {
			isa = PBXGroup;
			children = (
				1F74988029F85F6A00246EA8 /* Domain */,
				1F80BD4929EA9A6A00739E6B /* Helpers */,
				1F80BD2B29DD6FEB00739E6B /* UITrackerGroup */,
				1FA61FC129CEC8F00057DD73 /* Application */,
				1FA61FC229CEC9030057DD73 /* SupportingFiles */,
			);
			path = Tracker;
			sourceTree = "<group>";
		};
		1FA61FC129CEC8F00057DD73 /* Application */ = {
			isa = PBXGroup;
			children = (
				1FA61FAB29CEC8A60057DD73 /* AppDelegate.swift */,
				1FA61FAD29CEC8A60057DD73 /* SceneDelegate.swift */,
				1F80BD7529EAD81000739E6B /* Constants.swift */,
			);
			path = Application;
			sourceTree = "<group>";
		};
		1FA61FC229CEC9030057DD73 /* SupportingFiles */ = {
			isa = PBXGroup;
			children = (
				1FA61FB429CEC8A70057DD73 /* Assets.xcassets */,
				1FA61FB629CEC8A70057DD73 /* LaunchScreen.storyboard */,
				1FA61FB929CEC8A70057DD73 /* Info.plist */,
			);
			path = SupportingFiles;
			sourceTree = "<group>";
		};
/* End PBXGroup section */

/* Begin PBXNativeTarget section */
		1FA61FA729CEC8A60057DD73 /* Tracker */ = {
			isa = PBXNativeTarget;
			buildConfigurationList = 1FA61FBC29CEC8A70057DD73 /* Build configuration list for PBXNativeTarget "Tracker" */;
			buildPhases = (
				1FA61FA429CEC8A60057DD73 /* Sources */,
				1FA61FA529CEC8A60057DD73 /* Frameworks */,
				1FA61FA629CEC8A60057DD73 /* Resources */,
			);
			buildRules = (
			);
			dependencies = (
			);
			name = Tracker;
			productName = Tracker;
			productReference = 1FA61FA829CEC8A60057DD73 /* Tracker.app */;
			productType = "com.apple.product-type.application";
		};
/* End PBXNativeTarget section */

/* Begin PBXProject section */
		1FA61FA029CEC8A60057DD73 /* Project object */ = {
			isa = PBXProject;
			attributes = {
				BuildIndependentTargetsInParallel = 1;
				LastSwiftUpdateCheck = 1420;
				LastUpgradeCheck = 1420;
				TargetAttributes = {
					1FA61FA729CEC8A60057DD73 = {
						CreatedOnToolsVersion = 14.2;
					};
				};
			};
			buildConfigurationList = 1FA61FA329CEC8A60057DD73 /* Build configuration list for PBXProject "Tracker" */;
			compatibilityVersion = "Xcode 14.0";
			developmentRegion = en;
			hasScannedForEncodings = 0;
			knownRegions = (
				en,
				Base,
			);
			mainGroup = 1FA61F9F29CEC8A60057DD73;
			productRefGroup = 1FA61FA929CEC8A60057DD73 /* Products */;
			projectDirPath = "";
			projectRoot = "";
			targets = (
				1FA61FA729CEC8A60057DD73 /* Tracker */,
			);
		};
/* End PBXProject section */

/* Begin PBXResourcesBuildPhase section */
		1FA61FA629CEC8A60057DD73 /* Resources */ = {
			isa = PBXResourcesBuildPhase;
			buildActionMask = 2147483647;
			files = (
				1FA61FB829CEC8A70057DD73 /* LaunchScreen.storyboard in Resources */,
				1FA61FB529CEC8A70057DD73 /* Assets.xcassets in Resources */,
			);
			runOnlyForDeploymentPostprocessing = 0;
		};
/* End PBXResourcesBuildPhase section */

/* Begin PBXSourcesBuildPhase section */
		1FA61FA429CEC8A60057DD73 /* Sources */ = {
			isa = PBXSourcesBuildPhase;
			buildActionMask = 2147483647;
			files = (
				1F7498F82A0B862D00246EA8 /* CategoriesViewController.swift in Sources */,
				1F80BD7229EAD7AE00739E6B /* SelectionTitle.swift in Sources */,
				1FA61FB029CEC8A60057DD73 /* TrackerViewController.swift in Sources */,
				1F80BD4829EA99B900739E6B /* StatisticViewController.swift in Sources */,
				1F80BD5429EA9B3200739E6B /* UICollectionView+ext.swift in Sources */,
				1F7499002A0B880400246EA8 /* NotFoundStack.swift in Sources */,
				1F7498FC2A0B864B00246EA8 /* CategoriesCell.swift in Sources */,
				1F7498F52A0B856B00246EA8 /* UIViewController + ext.swift in Sources */,
				1F80BD6C29EAD77200739E6B /* TrackerFormViewController.swift in Sources */,
				1F80BD7429EAD7C100739E6B /* ListCell.swift in Sources */,
				1F80BD4E29EA9AB000739E6B /* UIColor+ext.swift in Sources */,
				1F80BD4029EA98D300739E6B /* TabBarController.swift in Sources */,
				1F80BD5629EACECE00739E6B /* TrackerCell.swift in Sources */,
				1FA61FAC29CEC8A60057DD73 /* AppDelegate.swift in Sources */,
				1F74987E29F85EFE00246EA8 /* UIColorMarshalling.swift in Sources */,
				1F80BD4C29EA9A8600739E6B /* Resources.swift in Sources */,
				1F74988A29F8667000246EA8 /* SelectionCellProtocol.swift in Sources */,
				1F74988629F85FC300246EA8 /* TrackerCategoryStore.swift in Sources */,
				1F80BD5829EACF3600739E6B /* TrackerCategoryLabel.swift in Sources */,
				1F80BD5229EA9B2000739E6B /* Int+ext.swift in Sources */,
				1F7499052A0B888C00246EA8 /* UserDefaultsBacked.swift in Sources */,
				1FA61FAE29CEC8A60057DD73 /* SceneDelegate.swift in Sources */,
				1F80BD5B29EAD49100739E6B /* Tracker.swift in Sources */,
				1F7499032A0B885700246EA8 /* RootViewController.swift in Sources */,
				1F80BD5E29EAD58700739E6B /* AddTrackerViewController.swift in Sources */,
				1F80BD6729EAD6BD00739E6B /* TrackerCategory.swift in Sources */,
				1F7498FA2A0B864000246EA8 /* CategoriesViewModel.swift in Sources */,
				1F7498FE2A0B865800246EA8 /* CategoriesFormViewController.swift in Sources */,
				1F74988829F85FD000246EA8 /* TrackerRecordStore.swift in Sources */,
				1F7498F32A0B7BE600246EA8 /* OnboardingPageViewController.swift in Sources */,
				1F80BD7929EAD88E00739E6B /* ScheduleViewController.swift in Sources */,
				1F80BD7D29EADF4400739E6B /* StatisticCell.swift in Sources */,
				1F80BD7029EAD79D00739E6B /* ColorCell.swift in Sources */,
				1F80BD6329EAD5D200739E6B /* TextField.swift in Sources */,
				1F80BD6929EAD6D000739E6B /* TrackerRecord.swift in Sources */,
				1F80BD5029EA9B1000739E6B /* Date+ext.swift in Sources */,
				1F80BD6129EAD5BF00739E6B /* Button.swift in Sources */,
				1F80BD6E29EAD78800739E6B /* EmojiCell.swift in Sources */,
				1F80BD6529EAD5E700739E6B /* ListItem.swift in Sources */,
				1F80BD7629EAD81000739E6B /* Constants.swift in Sources */,
				1F80BD7B29EAD8A300739E6B /* WeekdayCell.swift in Sources */,
				1F7498F12A0B7B1500246EA8 /* OnboardingViewController.swift in Sources */,
				1F74987C29F85EAF00246EA8 /* Model.xcdatamodeld in Sources */,
				1F74988429F85FB400246EA8 /* TrackerStore.swift in Sources */,
			);
			runOnlyForDeploymentPostprocessing = 0;
		};
/* End PBXSourcesBuildPhase section */

/* Begin PBXVariantGroup section */
		1FA61FB629CEC8A70057DD73 /* LaunchScreen.storyboard */ = {
			isa = PBXVariantGroup;
			children = (
				1FA61FB729CEC8A70057DD73 /* Base */,
			);
			name = LaunchScreen.storyboard;
			sourceTree = "<group>";
		};
/* End PBXVariantGroup section */

/* Begin XCBuildConfiguration section */
		1FA61FBA29CEC8A70057DD73 /* Debug */ = {
			isa = XCBuildConfiguration;
			buildSettings = {
				ALWAYS_SEARCH_USER_PATHS = NO;
				CLANG_ANALYZER_NONNULL = YES;
				CLANG_ANALYZER_NUMBER_OBJECT_CONVERSION = YES_AGGRESSIVE;
				CLANG_CXX_LANGUAGE_STANDARD = "gnu++20";
				CLANG_ENABLE_MODULES = YES;
				CLANG_ENABLE_OBJC_ARC = YES;
				CLANG_ENABLE_OBJC_WEAK = YES;
				CLANG_WARN_BLOCK_CAPTURE_AUTORELEASING = YES;
				CLANG_WARN_BOOL_CONVERSION = YES;
				CLANG_WARN_COMMA = YES;
				CLANG_WARN_CONSTANT_CONVERSION = YES;
				CLANG_WARN_DEPRECATED_OBJC_IMPLEMENTATIONS = YES;
				CLANG_WARN_DIRECT_OBJC_ISA_USAGE = YES_ERROR;
				CLANG_WARN_DOCUMENTATION_COMMENTS = YES;
				CLANG_WARN_EMPTY_BODY = YES;
				CLANG_WARN_ENUM_CONVERSION = YES;
				CLANG_WARN_INFINITE_RECURSION = YES;
				CLANG_WARN_INT_CONVERSION = YES;
				CLANG_WARN_NON_LITERAL_NULL_CONVERSION = YES;
				CLANG_WARN_OBJC_IMPLICIT_RETAIN_SELF = YES;
				CLANG_WARN_OBJC_LITERAL_CONVERSION = YES;
				CLANG_WARN_OBJC_ROOT_CLASS = YES_ERROR;
				CLANG_WARN_QUOTED_INCLUDE_IN_FRAMEWORK_HEADER = YES;
				CLANG_WARN_RANGE_LOOP_ANALYSIS = YES;
				CLANG_WARN_STRICT_PROTOTYPES = YES;
				CLANG_WARN_SUSPICIOUS_MOVE = YES;
				CLANG_WARN_UNGUARDED_AVAILABILITY = YES_AGGRESSIVE;
				CLANG_WARN_UNREACHABLE_CODE = YES;
				CLANG_WARN__DUPLICATE_METHOD_MATCH = YES;
				COPY_PHASE_STRIP = NO;
				DEBUG_INFORMATION_FORMAT = dwarf;
				ENABLE_STRICT_OBJC_MSGSEND = YES;
				ENABLE_TESTABILITY = YES;
				GCC_C_LANGUAGE_STANDARD = gnu11;
				GCC_DYNAMIC_NO_PIC = NO;
				GCC_NO_COMMON_BLOCKS = YES;
				GCC_OPTIMIZATION_LEVEL = 0;
				GCC_PREPROCESSOR_DEFINITIONS = (
					"DEBUG=1",
					"$(inherited)",
				);
				GCC_WARN_64_TO_32_BIT_CONVERSION = YES;
				GCC_WARN_ABOUT_RETURN_TYPE = YES_ERROR;
				GCC_WARN_UNDECLARED_SELECTOR = YES;
				GCC_WARN_UNINITIALIZED_AUTOS = YES_AGGRESSIVE;
				GCC_WARN_UNUSED_FUNCTION = YES;
				GCC_WARN_UNUSED_VARIABLE = YES;
				IPHONEOS_DEPLOYMENT_TARGET = 13.4;
				MTL_ENABLE_DEBUG_INFO = INCLUDE_SOURCE;
				MTL_FAST_MATH = YES;
				ONLY_ACTIVE_ARCH = YES;
				SDKROOT = iphoneos;
				SWIFT_ACTIVE_COMPILATION_CONDITIONS = DEBUG;
				SWIFT_OPTIMIZATION_LEVEL = "-Onone";
			};
			name = Debug;
		};
		1FA61FBB29CEC8A70057DD73 /* Release */ = {
			isa = XCBuildConfiguration;
			buildSettings = {
				ALWAYS_SEARCH_USER_PATHS = NO;
				CLANG_ANALYZER_NONNULL = YES;
				CLANG_ANALYZER_NUMBER_OBJECT_CONVERSION = YES_AGGRESSIVE;
				CLANG_CXX_LANGUAGE_STANDARD = "gnu++20";
				CLANG_ENABLE_MODULES = YES;
				CLANG_ENABLE_OBJC_ARC = YES;
				CLANG_ENABLE_OBJC_WEAK = YES;
				CLANG_WARN_BLOCK_CAPTURE_AUTORELEASING = YES;
				CLANG_WARN_BOOL_CONVERSION = YES;
				CLANG_WARN_COMMA = YES;
				CLANG_WARN_CONSTANT_CONVERSION = YES;
				CLANG_WARN_DEPRECATED_OBJC_IMPLEMENTATIONS = YES;
				CLANG_WARN_DIRECT_OBJC_ISA_USAGE = YES_ERROR;
				CLANG_WARN_DOCUMENTATION_COMMENTS = YES;
				CLANG_WARN_EMPTY_BODY = YES;
				CLANG_WARN_ENUM_CONVERSION = YES;
				CLANG_WARN_INFINITE_RECURSION = YES;
				CLANG_WARN_INT_CONVERSION = YES;
				CLANG_WARN_NON_LITERAL_NULL_CONVERSION = YES;
				CLANG_WARN_OBJC_IMPLICIT_RETAIN_SELF = YES;
				CLANG_WARN_OBJC_LITERAL_CONVERSION = YES;
				CLANG_WARN_OBJC_ROOT_CLASS = YES_ERROR;
				CLANG_WARN_QUOTED_INCLUDE_IN_FRAMEWORK_HEADER = YES;
				CLANG_WARN_RANGE_LOOP_ANALYSIS = YES;
				CLANG_WARN_STRICT_PROTOTYPES = YES;
				CLANG_WARN_SUSPICIOUS_MOVE = YES;
				CLANG_WARN_UNGUARDED_AVAILABILITY = YES_AGGRESSIVE;
				CLANG_WARN_UNREACHABLE_CODE = YES;
				CLANG_WARN__DUPLICATE_METHOD_MATCH = YES;
				COPY_PHASE_STRIP = NO;
				DEBUG_INFORMATION_FORMAT = "dwarf-with-dsym";
				ENABLE_NS_ASSERTIONS = NO;
				ENABLE_STRICT_OBJC_MSGSEND = YES;
				GCC_C_LANGUAGE_STANDARD = gnu11;
				GCC_NO_COMMON_BLOCKS = YES;
				GCC_WARN_64_TO_32_BIT_CONVERSION = YES;
				GCC_WARN_ABOUT_RETURN_TYPE = YES_ERROR;
				GCC_WARN_UNDECLARED_SELECTOR = YES;
				GCC_WARN_UNINITIALIZED_AUTOS = YES_AGGRESSIVE;
				GCC_WARN_UNUSED_FUNCTION = YES;
				GCC_WARN_UNUSED_VARIABLE = YES;
				IPHONEOS_DEPLOYMENT_TARGET = 13.4;
				MTL_ENABLE_DEBUG_INFO = NO;
				MTL_FAST_MATH = YES;
				SDKROOT = iphoneos;
				SWIFT_COMPILATION_MODE = wholemodule;
				SWIFT_OPTIMIZATION_LEVEL = "-O";
				VALIDATE_PRODUCT = YES;
			};
			name = Release;
		};
		1FA61FBD29CEC8A70057DD73 /* Debug */ = {
			isa = XCBuildConfiguration;
			buildSettings = {
				ASSETCATALOG_COMPILER_APPICON_NAME = AppIcon;
				ASSETCATALOG_COMPILER_GLOBAL_ACCENT_COLOR_NAME = AccentColor;
				CODE_SIGN_STYLE = Automatic;
				CURRENT_PROJECT_VERSION = 1;
				DEVELOPMENT_TEAM = NHPG6G3743;
				GENERATE_INFOPLIST_FILE = YES;
				INFOPLIST_FILE = Tracker/SupportingFiles/Info.plist;
				INFOPLIST_KEY_UIApplicationSupportsIndirectInputEvents = YES;
				INFOPLIST_KEY_UILaunchStoryboardName = LaunchScreen;
				INFOPLIST_KEY_UISupportedInterfaceOrientations = UIInterfaceOrientationPortrait;
				INFOPLIST_KEY_UISupportedInterfaceOrientations_iPad = "UIInterfaceOrientationLandscapeLeft UIInterfaceOrientationLandscapeRight UIInterfaceOrientationPortrait UIInterfaceOrientationPortraitUpsideDown";
				IPHONEOS_DEPLOYMENT_TARGET = 13.4;
				LD_RUNPATH_SEARCH_PATHS = (
					"$(inherited)",
					"@executable_path/Frameworks",
				);
				MARKETING_VERSION = 1.0;
				PRODUCT_BUNDLE_IDENTIFIER = ekaterina.iOS.Tracker;
				PRODUCT_NAME = "$(TARGET_NAME)";
				SUPPORTED_PLATFORMS = "iphoneos iphonesimulator";
				SUPPORTS_MACCATALYST = NO;
				SUPPORTS_MAC_DESIGNED_FOR_IPHONE_IPAD = NO;
				SWIFT_EMIT_LOC_STRINGS = YES;
				SWIFT_VERSION = 5.0;
				TARGETED_DEVICE_FAMILY = 1;
			};
			name = Debug;
		};
		1FA61FBE29CEC8A70057DD73 /* Release */ = {
			isa = XCBuildConfiguration;
			buildSettings = {
				ASSETCATALOG_COMPILER_APPICON_NAME = AppIcon;
				ASSETCATALOG_COMPILER_GLOBAL_ACCENT_COLOR_NAME = AccentColor;
				CODE_SIGN_STYLE = Automatic;
				CURRENT_PROJECT_VERSION = 1;
				DEVELOPMENT_TEAM = NHPG6G3743;
				GENERATE_INFOPLIST_FILE = YES;
				INFOPLIST_FILE = Tracker/SupportingFiles/Info.plist;
				INFOPLIST_KEY_UIApplicationSupportsIndirectInputEvents = YES;
				INFOPLIST_KEY_UILaunchStoryboardName = LaunchScreen;
				INFOPLIST_KEY_UISupportedInterfaceOrientations = UIInterfaceOrientationPortrait;
				INFOPLIST_KEY_UISupportedInterfaceOrientations_iPad = "UIInterfaceOrientationLandscapeLeft UIInterfaceOrientationLandscapeRight UIInterfaceOrientationPortrait UIInterfaceOrientationPortraitUpsideDown";
				IPHONEOS_DEPLOYMENT_TARGET = 13.4;
				LD_RUNPATH_SEARCH_PATHS = (
					"$(inherited)",
					"@executable_path/Frameworks",
				);
				MARKETING_VERSION = 1.0;
				PRODUCT_BUNDLE_IDENTIFIER = ekaterina.iOS.Tracker;
				PRODUCT_NAME = "$(TARGET_NAME)";
				SUPPORTED_PLATFORMS = "iphoneos iphonesimulator";
				SUPPORTS_MACCATALYST = NO;
				SUPPORTS_MAC_DESIGNED_FOR_IPHONE_IPAD = NO;
				SWIFT_EMIT_LOC_STRINGS = YES;
				SWIFT_VERSION = 5.0;
				TARGETED_DEVICE_FAMILY = 1;
			};
			name = Release;
		};
/* End XCBuildConfiguration section */

/* Begin XCConfigurationList section */
		1FA61FA329CEC8A60057DD73 /* Build configuration list for PBXProject "Tracker" */ = {
			isa = XCConfigurationList;
			buildConfigurations = (
				1FA61FBA29CEC8A70057DD73 /* Debug */,
				1FA61FBB29CEC8A70057DD73 /* Release */,
			);
			defaultConfigurationIsVisible = 0;
			defaultConfigurationName = Release;
		};
		1FA61FBC29CEC8A70057DD73 /* Build configuration list for PBXNativeTarget "Tracker" */ = {
			isa = XCConfigurationList;
			buildConfigurations = (
				1FA61FBD29CEC8A70057DD73 /* Debug */,
				1FA61FBE29CEC8A70057DD73 /* Release */,
			);
			defaultConfigurationIsVisible = 0;
			defaultConfigurationName = Release;
		};
/* End XCConfigurationList section */

/* Begin XCVersionGroup section */
		1F74987A29F85EAF00246EA8 /* Model.xcdatamodeld */ = {
			isa = XCVersionGroup;
			children = (
				1F74987B29F85EAF00246EA8 /* Model.xcdatamodel */,
			);
			currentVersion = 1F74987B29F85EAF00246EA8 /* Model.xcdatamodel */;
			path = Model.xcdatamodeld;
			sourceTree = "<group>";
			versionGroupType = wrapper.xcdatamodel;
		};
/* End XCVersionGroup section */
	};
	rootObject = 1FA61FA029CEC8A60057DD73 /* Project object */;
}
